
Microsoft Visual Studio Solution File, Format Version 12.00
# Visual Studio Version 17
VisualStudioVersion = 17.9.34728.123
MinimumVisualStudioVersion = 10.0.40219.1
Project("{FAE04EC0-301F-11D3-BF4B-00C04F79EFBC}") = "appfacturacion", "appfacturacion\appfacturacion.csproj", "{986D0321-8A5F-4B1F-93A3-D9AE6645CEA2}"
EndProject
Global
	GlobalSection(SolutionConfigurationPlatforms) = preSolution
		Debug|Any CPU = Debug|Any CPU
		Release|Any CPU = Release|Any CPU
	EndGlobalSection
	GlobalSection(ProjectConfigurationPlatforms) = postSolution
		{986D0321-8A5F-4B1F-93A3-D9AE6645CEA2}.Debug|Any CPU.ActiveCfg = Debug|Any CPU
		{986D0321-8A5F-4B1F-93A3-D9AE6645CEA2}.Debug|Any CPU.Build.0 = Debug|Any CPU
		{986D0321-8A5F-4B1F-93A3-D9AE6645CEA2}.Release|Any CPU.ActiveCfg = Release|Any CPU
		{986D0321-8A5F-4B1F-93A3-D9AE6645CEA2}.Release|Any CPU.Build.0 = Release|Any CPU
	EndGlobalSection
	GlobalSection(SolutionProperties) = preSolution
		HideSolutionNode = FALSE
	EndGlobalSection
	GlobalSection(ExtensibilityGlobals) = postSolution
		SolutionGuid = {13C0C51F-4DB5-4AF0-B8D3-C3B90AF440EC}
	EndGlobalSection
EndGlobal
